
Microsoft Visual Studio Solution File, Format Version 12.00
# Visual Studio Version 16
VisualStudioVersion = 16.0.31402.337
MinimumVisualStudioVersion = 10.0.40219.1
Project("{FAE04EC0-301F-11D3-BF4B-00C04F79EFBC}") = "AddressBook", "AddressBook.csproj", "{4892DC0F-9554-4804-95E5-77A72FF95EB8}"
EndProject
Global
	GlobalSection(SolutionConfigurationPlatforms) = preSolution
		Debug|Any CPU = Debug|Any CPU
		Release|Any CPU = Release|Any CPU
	EndGlobalSection
	GlobalSection(ProjectConfigurationPlatforms) = postSolution
		{4892DC0F-9554-4804-95E5-77A72FF95EB8}.Debug|Any CPU.ActiveCfg = Debug|Any CPU
		{4892DC0F-9554-4804-95E5-77A72FF95EB8}.Debug|Any CPU.Build.0 = Debug|Any CPU
		{4892DC0F-9554-4804-95E5-77A72FF95EB8}.Release|Any CPU.ActiveCfg = Release|Any CPU
		{4892DC0F-9554-4804-95E5-77A72FF95EB8}.Release|Any CPU.Build.0 = Release|Any CPU
	EndGlobalSection
	GlobalSection(SolutionProperties) = preSolution
		HideSolutionNode = FALSE
	EndGlobalSection
	GlobalSection(ExtensibilityGlobals) = postSolution
		SolutionGuid = {D68B7212-1D38-4741-8B46-BDA7F8C14984}
	EndGlobalSection
EndGlobal
